// !$*UTF8*$!
{
	archiveVersion = 1;
	classes = {
	};
	objectVersion = 46;
	objects = {

/* Begin PBXBuildFile section */
		0D4121031FDDCFAE0085BEBF /* ProductCollectionViewCell.swift in Sources */ = {isa = PBXBuildFile; fileRef = 0D4121021FDDCFAE0085BEBF /* ProductCollectionViewCell.swift */; };
		2FA249DD92B15B45E3F10BEC /* Pods_Promotion.framework in Frameworks */ = {isa = PBXBuildFile; fileRef = AE885195293D4391ED38735E /* Pods_Promotion.framework */; };
		5EC197A91BE90648006F33C7 /* AppDelegate.swift in Sources */ = {isa = PBXBuildFile; fileRef = 5EC197A81BE90648006F33C7 /* AppDelegate.swift */; };
		5EC197AB1BE90648006F33C7 /* ViewController.swift in Sources */ = {isa = PBXBuildFile; fileRef = 5EC197AA1BE90648006F33C7 /* ViewController.swift */; };
		5EC197AE1BE90648006F33C7 /* Main.storyboard in Resources */ = {isa = PBXBuildFile; fileRef = 5EC197AC1BE90648006F33C7 /* Main.storyboard */; };
		5EC197B01BE90648006F33C7 /* Assets.xcassets in Resources */ = {isa = PBXBuildFile; fileRef = 5EC197AF1BE90648006F33C7 /* Assets.xcassets */; };
		5EC197B31BE90648006F33C7 /* LaunchScreen.storyboard in Resources */ = {isa = PBXBuildFile; fileRef = 5EC197B11BE90648006F33C7 /* LaunchScreen.storyboard */; };
		5EC197BB1BE90736006F33C7 /* TableViewCell.swift in Sources */ = {isa = PBXBuildFile; fileRef = 5EC197BA1BE90736006F33C7 /* TableViewCell.swift */; };
/* End PBXBuildFile section */

/* Begin PBXFileReference section */
		0D4121021FDDCFAE0085BEBF /* ProductCollectionViewCell.swift */ = {isa = PBXFileReference; fileEncoding = 4; lastKnownFileType = sourcecode.swift; path = ProductCollectionViewCell.swift; sourceTree = "<group>"; };
		10779C4684BF4BD2402ACD6B /* Pods-Promotion.debug.xcconfig */ = {isa = PBXFileReference; includeInIndex = 1; lastKnownFileType = text.xcconfig; name = "Pods-Promotion.debug.xcconfig"; path = "Pods/Target Support Files/Pods-Promotion/Pods-Promotion.debug.xcconfig"; sourceTree = "<group>"; };
		5EC197A51BE90648006F33C7 /* Promotion.app */ = {isa = PBXFileReference; explicitFileType = wrapper.application; includeInIndex = 0; path = Promotion.app; sourceTree = BUILT_PRODUCTS_DIR; };
		5EC197A81BE90648006F33C7 /* AppDelegate.swift */ = {isa = PBXFileReference; lastKnownFileType = sourcecode.swift; path = AppDelegate.swift; sourceTree = "<group>"; };
		5EC197AA1BE90648006F33C7 /* ViewController.swift */ = {isa = PBXFileReference; lastKnownFileType = sourcecode.swift; path = ViewController.swift; sourceTree = "<group>"; };
		5EC197AD1BE90648006F33C7 /* Base */ = {isa = PBXFileReference; lastKnownFileType = file.storyboard; name = Base; path = Base.lproj/Main.storyboard; sourceTree = "<group>"; };
		5EC197AF1BE90648006F33C7 /* Assets.xcassets */ = {isa = PBXFileReference; lastKnownFileType = folder.assetcatalog; path = Assets.xcassets; sourceTree = "<group>"; };
		5EC197B21BE90648006F33C7 /* Base */ = {isa = PBXFileReference; lastKnownFileType = file.storyboard; name = Base; path = Base.lproj/LaunchScreen.storyboard; sourceTree = "<group>"; };
		5EC197B41BE90648006F33C7 /* Info.plist */ = {isa = PBXFileReference; lastKnownFileType = text.plist.xml; path = Info.plist; sourceTree = "<group>"; };
		5EC197BA1BE90736006F33C7 /* TableViewCell.swift */ = {isa = PBXFileReference; fileEncoding = 4; lastKnownFileType = sourcecode.swift; path = TableViewCell.swift; sourceTree = "<group>"; };
		AE885195293D4391ED38735E /* Pods_Promotion.framework */ = {isa = PBXFileReference; explicitFileType = wrapper.framework; includeInIndex = 0; path = Pods_Promotion.framework; sourceTree = BUILT_PRODUCTS_DIR; };
		EDF9A058BC78DF392B80DBA5 /* Pods-Promotion.release.xcconfig */ = {isa = PBXFileReference; includeInIndex = 1; lastKnownFileType = text.xcconfig; name = "Pods-Promotion.release.xcconfig"; path = "Pods/Target Support Files/Pods-Promotion/Pods-Promotion.release.xcconfig"; sourceTree = "<group>"; };
/* End PBXFileReference section */

/* Begin PBXFrameworksBuildPhase section */
		5EC197A21BE90648006F33C7 /* Frameworks */ = {
			isa = PBXFrameworksBuildPhase;
			buildActionMask = 2147483647;
			files = (
				2FA249DD92B15B45E3F10BEC /* Pods_Promotion.framework in Frameworks */,
			);
			runOnlyForDeploymentPostprocessing = 0;
		};
/* End PBXFrameworksBuildPhase section */

/* Begin PBXGroup section */
		5EC1979C1BE90648006F33C7 = {
			isa = PBXGroup;
			children = (
				5EC197A71BE90648006F33C7 /* Promotion */,
				5EC197A61BE90648006F33C7 /* Products */,
				74DF9815BCEFD6A69AEA2AB8 /* Pods */,
				E5FEFEB2D731BE11B1813772 /* Frameworks */,
			);
			sourceTree = "<group>";
		};
		5EC197A61BE90648006F33C7 /* Products */ = {
			isa = PBXGroup;
			children = (
				5EC197A51BE90648006F33C7 /* Promotion.app */,
			);
			name = Products;
			sourceTree = "<group>";
		};
		5EC197A71BE90648006F33C7 /* Promotion */ = {
			isa = PBXGroup;
			children = (
				5EC197A81BE90648006F33C7 /* AppDelegate.swift */,
				5EC197AA1BE90648006F33C7 /* ViewController.swift */,
				5EC197BA1BE90736006F33C7 /* TableViewCell.swift */,
				5EC197AC1BE90648006F33C7 /* Main.storyboard */,
				5EC197AF1BE90648006F33C7 /* Assets.xcassets */,
				5EC197B11BE90648006F33C7 /* LaunchScreen.storyboard */,
				5EC197B41BE90648006F33C7 /* Info.plist */,
				0D4121021FDDCFAE0085BEBF /* ProductCollectionViewCell.swift */,
			);
			name = Promotion;
			path = "Table View in a Collection View";
			sourceTree = "<group>";
		};
		74DF9815BCEFD6A69AEA2AB8 /* Pods */ = {
			isa = PBXGroup;
			children = (
				10779C4684BF4BD2402ACD6B /* Pods-Promotion.debug.xcconfig */,
				EDF9A058BC78DF392B80DBA5 /* Pods-Promotion.release.xcconfig */,
			);
			name = Pods;
			sourceTree = "<group>";
		};
		E5FEFEB2D731BE11B1813772 /* Frameworks */ = {
			isa = PBXGroup;
			children = (
				AE885195293D4391ED38735E /* Pods_Promotion.framework */,
			);
			name = Frameworks;
			sourceTree = "<group>";
		};
/* End PBXGroup section */

/* Begin PBXNativeTarget section */
		5EC197A41BE90648006F33C7 /* Promotion */ = {
			isa = PBXNativeTarget;
			buildConfigurationList = 5EC197B71BE90648006F33C7 /* Build configuration list for PBXNativeTarget "Promotion" */;
			buildPhases = (
				AAF5D5B8461F50B0CACCF0C8 /* [CP] Check Pods Manifest.lock */,
				5EC197A11BE90648006F33C7 /* Sources */,
				5EC197A21BE90648006F33C7 /* Frameworks */,
				5EC197A31BE90648006F33C7 /* Resources */,
				69874D4E81014C3F3D6E72FB /* [CP] Embed Pods Frameworks */,
				9F5D7D8405E3B6DBC64D7082 /* [CP] Copy Pods Resources */,
			);
			buildRules = (
			);
			dependencies = (
			);
			name = Promotion;
			productName = "Table View in a Collection View";
			productReference = 5EC197A51BE90648006F33C7 /* Promotion.app */;
			productType = "com.apple.product-type.application";
		};
/* End PBXNativeTarget section */

/* Begin PBXProject section */
		5EC1979D1BE90648006F33C7 /* Project object */ = {
			isa = PBXProject;
			attributes = {
				LastSwiftUpdateCheck = 0710;
				LastUpgradeCheck = 0810;
				ORGANIZATIONNAME = "Ash Furrow";
				TargetAttributes = {
					5EC197A41BE90648006F33C7 = {
						CreatedOnToolsVersion = 7.1;
						LastSwiftMigration = 0810;
					};
				};
			};
			buildConfigurationList = 5EC197A01BE90648006F33C7 /* Build configuration list for PBXProject "Promotion" */;
			compatibilityVersion = "Xcode 3.2";
			developmentRegion = English;
			hasScannedForEncodings = 0;
			knownRegions = (
				en,
				Base,
			);
			mainGroup = 5EC1979C1BE90648006F33C7;
			productRefGroup = 5EC197A61BE90648006F33C7 /* Products */;
			projectDirPath = "";
			projectRoot = "";
			targets = (
				5EC197A41BE90648006F33C7 /* Promotion */,
			);
		};
/* End PBXProject section */

/* Begin PBXResourcesBuildPhase section */
		5EC197A31BE90648006F33C7 /* Resources */ = {
			isa = PBXResourcesBuildPhase;
			buildActionMask = 2147483647;
			files = (
				5EC197B31BE90648006F33C7 /* LaunchScreen.storyboard in Resources */,
				5EC197B01BE90648006F33C7 /* Assets.xcassets in Resources */,
				5EC197AE1BE90648006F33C7 /* Main.storyboard in Resources */,
			);
			runOnlyForDeploymentPostprocessing = 0;
		};
/* End PBXResourcesBuildPhase section */

/* Begin PBXShellScriptBuildPhase section */
		69874D4E81014C3F3D6E72FB /* [CP] Embed Pods Frameworks */ = {
			isa = PBXShellScriptBuildPhase;
			buildActionMask = 2147483647;
			files = (
			);
			inputPaths = (
				"${SRCROOT}/Pods/Target Support Files/Pods-Promotion/Pods-Promotion-frameworks.sh",
				"${BUILT_PRODUCTS_DIR}/Alamofire/Alamofire.framework",
				"${BUILT_PRODUCTS_DIR}/SwiftyJSON/SwiftyJSON.framework",
			);
			name = "[CP] Embed Pods Frameworks";
			outputPaths = (
				"${TARGET_BUILD_DIR}/${FRAMEWORKS_FOLDER_PATH}/Alamofire.framework",
				"${TARGET_BUILD_DIR}/${FRAMEWORKS_FOLDER_PATH}/SwiftyJSON.framework",
			);
			runOnlyForDeploymentPostprocessing = 0;
			shellPath = /bin/sh;
			shellScript = "\"${SRCROOT}/Pods/Target Support Files/Pods-Promotion/Pods-Promotion-frameworks.sh\"\n";
			showEnvVarsInLog = 0;
		};
		9F5D7D8405E3B6DBC64D7082 /* [CP] Copy Pods Resources */ = {
			isa = PBXShellScriptBuildPhase;
			buildActionMask = 2147483647;
			files = (
			);
			inputPaths = (
			);
			name = "[CP] Copy Pods Resources";
			outputPaths = (
			);
			runOnlyForDeploymentPostprocessing = 0;
			shellPath = /bin/sh;
			shellScript = "\"${SRCROOT}/Pods/Target Support Files/Pods-Promotion/Pods-Promotion-resources.sh\"\n";
			showEnvVarsInLog = 0;
		};
		AAF5D5B8461F50B0CACCF0C8 /* [CP] Check Pods Manifest.lock */ = {
			isa = PBXShellScriptBuildPhase;
			buildActionMask = 2147483647;
			files = (
			);
			inputPaths = (
				"${PODS_PODFILE_DIR_PATH}/Podfile.lock",
				"${PODS_ROOT}/Manifest.lock",
			);
			name = "[CP] Check Pods Manifest.lock";
			outputPaths = (
				"$(DERIVED_FILE_DIR)/Pods-Promotion-checkManifestLockResult.txt",
			);
			runOnlyForDeploymentPostprocessing = 0;
			shellPath = /bin/sh;
			shellScript = "diff \"${PODS_PODFILE_DIR_PATH}/Podfile.lock\" \"${PODS_ROOT}/Manifest.lock\" > /dev/null\nif [ $? != 0 ] ; then\n    # print error to STDERR\n    echo \"error: The sandbox is not in sync with the Podfile.lock. Run 'pod install' or update your CocoaPods installation.\" >&2\n    exit 1\nfi\n# This output is used by Xcode 'outputs' to avoid re-running this script phase.\necho \"SUCCESS\" > \"${SCRIPT_OUTPUT_FILE_0}\"\n";
			showEnvVarsInLog = 0;
		};
/* End PBXShellScriptBuildPhase section */

/* Begin PBXSourcesBuildPhase section */
		5EC197A11BE90648006F33C7 /* Sources */ = {
			isa = PBXSourcesBuildPhase;
			buildActionMask = 2147483647;
			files = (
				5EC197BB1BE90736006F33C7 /* TableViewCell.swift in Sources */,
				5EC197AB1BE90648006F33C7 /* ViewController.swift in Sources */,
				0D4121031FDDCFAE0085BEBF /* ProductCollectionViewCell.swift in Sources */,
				5EC197A91BE90648006F33C7 /* AppDelegate.swift in Sources */,
			);
			runOnlyForDeploymentPostprocessing = 0;
		};
/* End PBXSourcesBuildPhase section */

/* Begin PBXVariantGroup section */
		5EC197AC1BE90648006F33C7 /* Main.storyboard */ = {
			isa = PBXVariantGroup;
			children = (
				5EC197AD1BE90648006F33C7 /* Base */,
			);
			name = Main.storyboard;
			sourceTree = "<group>";
		};
		5EC197B11BE90648006F33C7 /* LaunchScreen.storyboard */ = {
			isa = PBXVariantGroup;
			children = (
				5EC197B21BE90648006F33C7 /* Base */,
			);
			name = LaunchScreen.storyboard;
			sourceTree = "<group>";
		};
/* End PBXVariantGroup section */

/* Begin XCBuildConfiguration section */
		5EC197B51BE90648006F33C7 /* Debug */ = {
			isa = XCBuildConfiguration;
			buildSettings = {
				ALWAYS_SEARCH_USER_PATHS = NO;
				CLANG_CXX_LANGUAGE_STANDARD = "gnu++0x";
				CLANG_CXX_LIBRARY = "libc++";
				CLANG_ENABLE_MODULES = YES;
				CLANG_ENABLE_OBJC_ARC = YES;
				CLANG_WARN_BOOL_CONVERSION = YES;
				CLANG_WARN_CONSTANT_CONVERSION = YES;
				CLANG_WARN_DIRECT_OBJC_ISA_USAGE = YES_ERROR;
				CLANG_WARN_EMPTY_BODY = YES;
				CLANG_WARN_ENUM_CONVERSION = YES;
				CLANG_WARN_INFINITE_RECURSION = YES;
				CLANG_WARN_INT_CONVERSION = YES;
				CLANG_WARN_OBJC_ROOT_CLASS = YES_ERROR;
				CLANG_WARN_SUSPICIOUS_MOVE = YES;
				CLANG_WARN_UNREACHABLE_CODE = YES;
				CLANG_WARN__DUPLICATE_METHOD_MATCH = YES;
				"CODE_SIGN_IDENTITY[sdk=iphoneos*]" = "iPhone Developer";
				COPY_PHASE_STRIP = NO;
				DEBUG_INFORMATION_FORMAT = dwarf;
				ENABLE_STRICT_OBJC_MSGSEND = YES;
				ENABLE_TESTABILITY = YES;
				GCC_C_LANGUAGE_STANDARD = gnu99;
				GCC_DYNAMIC_NO_PIC = NO;
				GCC_NO_COMMON_BLOCKS = YES;
				GCC_OPTIMIZATION_LEVEL = 0;
				GCC_PREPROCESSOR_DEFINITIONS = (
					"DEBUG=1",
					"$(inherited)",
				);
				GCC_WARN_64_TO_32_BIT_CONVERSION = YES;
				GCC_WARN_ABOUT_RETURN_TYPE = YES_ERROR;
				GCC_WARN_UNDECLARED_SELECTOR = YES;
				GCC_WARN_UNINITIALIZED_AUTOS = YES_AGGRESSIVE;
				GCC_WARN_UNUSED_FUNCTION = YES;
				GCC_WARN_UNUSED_VARIABLE = YES;
				IPHONEOS_DEPLOYMENT_TARGET = 9.1;
				MTL_ENABLE_DEBUG_INFO = YES;
				ONLY_ACTIVE_ARCH = YES;
				SDKROOT = iphoneos;
				SWIFT_OPTIMIZATION_LEVEL = "-Onone";
			};
			name = Debug;
		};
		5EC197B61BE90648006F33C7 /* Release */ = {
			isa = XCBuildConfiguration;
			buildSettings = {
				ALWAYS_SEARCH_USER_PATHS = NO;
				CLANG_CXX_LANGUAGE_STANDARD = "gnu++0x";
				CLANG_CXX_LIBRARY = "libc++";
				CLANG_ENABLE_MODULES = YES;
				CLANG_ENABLE_OBJC_ARC = YES;
				CLANG_WARN_BOOL_CONVERSION = YES;
				CLANG_WARN_CONSTANT_CONVERSION = YES;
				CLANG_WARN_DIRECT_OBJC_ISA_USAGE = YES_ERROR;
				CLANG_WARN_EMPTY_BODY = YES;
				CLANG_WARN_ENUM_CONVERSION = YES;
				CLANG_WARN_INFINITE_RECURSION = YES;
				CLANG_WARN_INT_CONVERSION = YES;
				CLANG_WARN_OBJC_ROOT_CLASS = YES_ERROR;
				CLANG_WARN_SUSPICIOUS_MOVE = YES;
				CLANG_WARN_UNREACHABLE_CODE = YES;
				CLANG_WARN__DUPLICATE_METHOD_MATCH = YES;
				"CODE_SIGN_IDENTITY[sdk=iphoneos*]" = "iPhone Developer";
				COPY_PHASE_STRIP = NO;
				DEBUG_INFORMATION_FORMAT = "dwarf-with-dsym";
				ENABLE_NS_ASSERTIONS = NO;
				ENABLE_STRICT_OBJC_MSGSEND = YES;
				GCC_C_LANGUAGE_STANDARD = gnu99;
				GCC_NO_COMMON_BLOCKS = YES;
				GCC_WARN_64_TO_32_BIT_CONVERSION = YES;
				GCC_WARN_ABOUT_RETURN_TYPE = YES_ERROR;
				GCC_WARN_UNDECLARED_SELECTOR = YES;
				GCC_WARN_UNINITIALIZED_AUTOS = YES_AGGRESSIVE;
				GCC_WARN_UNUSED_FUNCTION = YES;
				GCC_WARN_UNUSED_VARIABLE = YES;
				IPHONEOS_DEPLOYMENT_TARGET = 9.1;
				MTL_ENABLE_DEBUG_INFO = NO;
				SDKROOT = iphoneos;
				SWIFT_OPTIMIZATION_LEVEL = "-Owholemodule";
				VALIDATE_PRODUCT = YES;
			};
			name = Release;
		};
		5EC197B81BE90648006F33C7 /* Debug */ = {
			isa = XCBuildConfiguration;
			baseConfigurationReference = 10779C4684BF4BD2402ACD6B /* Pods-Promotion.debug.xcconfig */;
			buildSettings = {
				ASSETCATALOG_COMPILER_APPICON_NAME = AppIcon;
				INFOPLIST_FILE = "Table View in a Collection View/Info.plist";
				LD_RUNPATH_SEARCH_PATHS = "$(inherited) @executable_path/Frameworks";
				PRODUCT_BUNDLE_IDENTIFIER = com.jh.promotion;
				PRODUCT_NAME = Promotion;
				SWIFT_VERSION = 3.0;
			};
			name = Debug;
		};
		5EC197B91BE90648006F33C7 /* Release */ = {
			isa = XCBuildConfiguration;
			baseConfigurationReference = EDF9A058BC78DF392B80DBA5 /* Pods-Promotion.release.xcconfig */;
			buildSettings = {
				ASSETCATALOG_COMPILER_APPICON_NAME = AppIcon;
				INFOPLIST_FILE = "Table View in a Collection View/Info.plist";
				LD_RUNPATH_SEARCH_PATHS = "$(inherited) @executable_path/Frameworks";
				PRODUCT_BUNDLE_IDENTIFIER = com.jh.promotion;
				PRODUCT_NAME = Promotion;
				SWIFT_VERSION = 3.0;
			};
			name = Release;
		};
/* End XCBuildConfiguration section */

/* Begin XCConfigurationList section */
		5EC197A01BE90648006F33C7 /* Build configuration list for PBXProject "Promotion" */ = {
			isa = XCConfigurationList;
			buildConfigurations = (
				5EC197B51BE90648006F33C7 /* Debug */,
				5EC197B61BE90648006F33C7 /* Release */,
			);
			defaultConfigurationIsVisible = 0;
			defaultConfigurationName = Release;
		};
		5EC197B71BE90648006F33C7 /* Build configuration list for PBXNativeTarget "Promotion" */ = {
			isa = XCConfigurationList;
			buildConfigurations = (
				5EC197B81BE90648006F33C7 /* Debug */,
				5EC197B91BE90648006F33C7 /* Release */,
			);
			defaultConfigurationIsVisible = 0;
			defaultConfigurationName = Release;
		};
/* End XCConfigurationList section */
	};
	rootObject = 5EC1979D1BE90648006F33C7 /* Project object */;
}
